
Microsoft Visual Studio Solution File, Format Version 12.00
# Visual Studio Version 16
VisualStudioVersion = 16.0.29503.13
MinimumVisualStudioVersion = 10.0.40219.1
Project("{FAE04EC0-301F-11D3-BF4B-00C04F79EFBC}") = "IterationsAndDecisions", "IterationsAndDecisions.csproj", "{C258AEA6-0C25-4B61-BADF-05A2C7E1EA64}"
EndProject
Global
	GlobalSection(SolutionConfigurationPlatforms) = preSolution
		Debug|Any CPU = Debug|Any CPU
		Release|Any CPU = Release|Any CPU
	EndGlobalSection
	GlobalSection(ProjectConfigurationPlatforms) = postSolution
		{C258AEA6-0C25-4B61-BADF-05A2C7E1EA64}.Debug|Any CPU.ActiveCfg = Debug|Any CPU
		{C258AEA6-0C25-4B61-BADF-05A2C7E1EA64}.Debug|Any CPU.Build.0 = Debug|Any CPU
		{C258AEA6-0C25-4B61-BADF-05A2C7E1EA64}.Release|Any CPU.ActiveCfg = Release|Any CPU
		{C258AEA6-0C25-4B61-BADF-05A2C7E1EA64}.Release|Any CPU.Build.0 = Release|Any CPU
	EndGlobalSection
	GlobalSection(SolutionProperties) = preSolution
		HideSolutionNode = FALSE
	EndGlobalSection
	GlobalSection(ExtensibilityGlobals) = postSolution
		SolutionGuid = {ED694185-8A1D-44DF-BAE7-074D282911A7}
	EndGlobalSection
EndGlobal
