
Microsoft Visual Studio Solution File, Format Version 12.00
# Visual Studio Version 16
VisualStudioVersion = 16.0.29503.13
MinimumVisualStudioVersion = 10.0.40219.1
Project("{FAE04EC0-301F-11D3-BF4B-00C04F79EFBC}") = "RefTypeValTypeParams", "RefTypeValTypeParams.csproj", "{5E8336AD-3421-473B-9847-2E6C54855E5A}"
EndProject
Global
	GlobalSection(SolutionConfigurationPlatforms) = preSolution
		Debug|Any CPU = Debug|Any CPU
		Release|Any CPU = Release|Any CPU
	EndGlobalSection
	GlobalSection(ProjectConfigurationPlatforms) = postSolution
		{5E8336AD-3421-473B-9847-2E6C54855E5A}.Debug|Any CPU.ActiveCfg = Debug|Any CPU
		{5E8336AD-3421-473B-9847-2E6C54855E5A}.Debug|Any CPU.Build.0 = Debug|Any CPU
		{5E8336AD-3421-473B-9847-2E6C54855E5A}.Release|Any CPU.ActiveCfg = Release|Any CPU
		{5E8336AD-3421-473B-9847-2E6C54855E5A}.Release|Any CPU.Build.0 = Release|Any CPU
	EndGlobalSection
	GlobalSection(SolutionProperties) = preSolution
		HideSolutionNode = FALSE
	EndGlobalSection
	GlobalSection(ExtensibilityGlobals) = postSolution
		SolutionGuid = {02402B2C-DCCE-41EE-ACAD-4875CE3EAD81}
	EndGlobalSection
EndGlobal
