
Microsoft Visual Studio Solution File, Format Version 12.00
# Visual Studio Version 16
VisualStudioVersion = 16.0.29503.13
MinimumVisualStudioVersion = 10.0.40219.1
Project("{FAE04EC0-301F-11D3-BF4B-00C04F79EFBC}") = "NullableTypes", "NullableTypes.csproj", "{475CA907-8C0D-45CD-8723-5F0375CDF4B3}"
EndProject
Global
	GlobalSection(SolutionConfigurationPlatforms) = preSolution
		Debug|Any CPU = Debug|Any CPU
		Release|Any CPU = Release|Any CPU
	EndGlobalSection
	GlobalSection(ProjectConfigurationPlatforms) = postSolution
		{475CA907-8C0D-45CD-8723-5F0375CDF4B3}.Debug|Any CPU.ActiveCfg = Debug|Any CPU
		{475CA907-8C0D-45CD-8723-5F0375CDF4B3}.Debug|Any CPU.Build.0 = Debug|Any CPU
		{475CA907-8C0D-45CD-8723-5F0375CDF4B3}.Release|Any CPU.ActiveCfg = Release|Any CPU
		{475CA907-8C0D-45CD-8723-5F0375CDF4B3}.Release|Any CPU.Build.0 = Release|Any CPU
	EndGlobalSection
	GlobalSection(SolutionProperties) = preSolution
		HideSolutionNode = FALSE
	EndGlobalSection
	GlobalSection(ExtensibilityGlobals) = postSolution
		SolutionGuid = {347A7A18-8542-497D-A862-484C29B43737}
	EndGlobalSection
EndGlobal
