
Microsoft Visual Studio Solution File, Format Version 12.00
# Visual Studio Version 16
VisualStudioVersion = 16.0.29503.13
MinimumVisualStudioVersion = 10.0.40219.1
Project("{FAE04EC0-301F-11D3-BF4B-00C04F79EFBC}") = "ImplicitlyTypedLocalVars", "ImplicitlyTypedLocalVars.csproj", "{A2926E21-7EAE-4353-93DA-219CE07FC7E8}"
EndProject
Global
	GlobalSection(SolutionConfigurationPlatforms) = preSolution
		Debug|Any CPU = Debug|Any CPU
		Release|Any CPU = Release|Any CPU
	EndGlobalSection
	GlobalSection(ProjectConfigurationPlatforms) = postSolution
		{A2926E21-7EAE-4353-93DA-219CE07FC7E8}.Debug|Any CPU.ActiveCfg = Debug|Any CPU
		{A2926E21-7EAE-4353-93DA-219CE07FC7E8}.Debug|Any CPU.Build.0 = Debug|Any CPU
		{A2926E21-7EAE-4353-93DA-219CE07FC7E8}.Release|Any CPU.ActiveCfg = Release|Any CPU
		{A2926E21-7EAE-4353-93DA-219CE07FC7E8}.Release|Any CPU.Build.0 = Release|Any CPU
	EndGlobalSection
	GlobalSection(SolutionProperties) = preSolution
		HideSolutionNode = FALSE
	EndGlobalSection
	GlobalSection(ExtensibilityGlobals) = postSolution
		SolutionGuid = {D079D0CC-39B0-435C-8F2B-6AD7DC1549B7}
	EndGlobalSection
EndGlobal
